
Microsoft Visual Studio Solution File, Format Version 11.00
# Visual Studio 2010
Project("{8BC9CEB8-8B4A-11D0-8D11-00A0C91BC942}") = "MFCGame2Exec", "MFCGame2Exec\MFCGame2Exec.vcxproj", "{BFB44380-8E53-46C4-AFD6-EEA37194B1B9}"
EndProject
Project("{8BC9CEB8-8B4A-11D0-8D11-00A0C91BC942}") = "DirectExec", "DirectExec\DirectExec.vcxproj", "{3BF02997-AAAC-4CC2-B4A1-6C4B6291E0AF}"
EndProject
Project("{8BC9CEB8-8B4A-11D0-8D11-00A0C91BC942}") = "Game2DExercise", "Game2DExercise\Game2DExercise.vcxproj", "{D9E3914E-15BC-4F5B-B2CE-C15CC0D35842}"
EndProject
Global
	GlobalSection(SolutionConfigurationPlatforms) = preSolution
		Debug|Win32 = Debug|Win32
		Release|Win32 = Release|Win32
	EndGlobalSection
	GlobalSection(ProjectConfigurationPlatforms) = postSolution
		{BFB44380-8E53-46C4-AFD6-EEA37194B1B9}.Debug|Win32.ActiveCfg = Debug|Win32
		{BFB44380-8E53-46C4-AFD6-EEA37194B1B9}.Debug|Win32.Build.0 = Debug|Win32
		{BFB44380-8E53-46C4-AFD6-EEA37194B1B9}.Release|Win32.ActiveCfg = Release|Win32
		{BFB44380-8E53-46C4-AFD6-EEA37194B1B9}.Release|Win32.Build.0 = Release|Win32
		{3BF02997-AAAC-4CC2-B4A1-6C4B6291E0AF}.Debug|Win32.ActiveCfg = Debug|Win32
		{3BF02997-AAAC-4CC2-B4A1-6C4B6291E0AF}.Debug|Win32.Build.0 = Debug|Win32
		{3BF02997-AAAC-4CC2-B4A1-6C4B6291E0AF}.Release|Win32.ActiveCfg = Release|Win32
		{3BF02997-AAAC-4CC2-B4A1-6C4B6291E0AF}.Release|Win32.Build.0 = Release|Win32
		{D9E3914E-15BC-4F5B-B2CE-C15CC0D35842}.Debug|Win32.ActiveCfg = Debug|Win32
		{D9E3914E-15BC-4F5B-B2CE-C15CC0D35842}.Debug|Win32.Build.0 = Debug|Win32
		{D9E3914E-15BC-4F5B-B2CE-C15CC0D35842}.Release|Win32.ActiveCfg = Release|Win32
		{D9E3914E-15BC-4F5B-B2CE-C15CC0D35842}.Release|Win32.Build.0 = Release|Win32
	EndGlobalSection
	GlobalSection(SolutionProperties) = preSolution
		HideSolutionNode = FALSE
	EndGlobalSection
EndGlobal
